
Microsoft Visual Studio Solution File, Format Version 12.00
# Visual Studio Version 17
VisualStudioVersion = 17.13.35931.197
MinimumVisualStudioVersion = 10.0.40219.1
Project("{FAE04EC0-301F-11D3-BF4B-00C04F79EFBC}") = "PortfolioApp.Console", "PortfolioApp.Console\PortfolioApp.Console.csproj", "{8F2BBCA0-66AA-4323-B379-21EA785C6464}"
EndProject
Project("{FAE04EC0-301F-11D3-BF4B-00C04F79EFBC}") = "PortfolioApp.Domain", "PortfolioApp.Domain\PortfolioApp.Domain.csproj", "{EBD15D11-68E6-4806-8884-219759327A55}"
EndProject
Project("{FAE04EC0-301F-11D3-BF4B-00C04F79EFBC}") = "PortfolioApp.Application", "PortfolioApp.Application\PortfolioApp.Application.csproj", "{0D63956D-8836-4048-98C9-53A6E55C0897}"
EndProject
Project("{FAE04EC0-301F-11D3-BF4B-00C04F79EFBC}") = "PortfolioApp.Web", "PortfolioApp.Web\PortfolioApp.Web.csproj", "{93C54C49-39BE-4D74-8599-895496E65710}"
EndProject
Project("{FAE04EC0-301F-11D3-BF4B-00C04F79EFBC}") = "PortfolioApp.Tests", "PortfolioApp.Tests\PortfolioApp.Tests.csproj", "{B88B1111-4A75-4B20-90F8-56E044C9EFF7}"
EndProject
Project("{FAE04EC0-301F-11D3-BF4B-00C04F79EFBC}") = "PortfolioApp.Infrastructure.EfCore", "PortfolioApp.Infrastructure.EfCore\PortfolioApp.Infrastructure.EfCore.csproj", "{89CB3D7A-C34D-49AC-9F8A-39960751FC68}"
EndProject
Project("{FAE04EC0-301F-11D3-BF4B-00C04F79EFBC}") = "PortfolioApp.DbUpdater", "PortfolioApp.DbUpdater\PortfolioApp.DbUpdater.csproj", "{1453C174-F284-4291-AA8D-EEC8356909FC}"
EndProject
Project("{FAE04EC0-301F-11D3-BF4B-00C04F79EFBC}") = "portfolio-ui", "portfolio-ui\portfolio-ui.csproj", "{4416FEEC-38B9-4CBD-859D-446EA7D43892}"
EndProject
Global
	GlobalSection(SolutionConfigurationPlatforms) = preSolution
		Debug|Any CPU = Debug|Any CPU
		Debug|x64 = Debug|x64
		Debug|x86 = Debug|x86
		Release|Any CPU = Release|Any CPU
		Release|x64 = Release|x64
		Release|x86 = Release|x86
	EndGlobalSection
	GlobalSection(ProjectConfigurationPlatforms) = postSolution
		{8F2BBCA0-66AA-4323-B379-21EA785C6464}.Debug|Any CPU.ActiveCfg = Debug|Any CPU
		{8F2BBCA0-66AA-4323-B379-21EA785C6464}.Debug|Any CPU.Build.0 = Debug|Any CPU
		{8F2BBCA0-66AA-4323-B379-21EA785C6464}.Debug|x64.ActiveCfg = Debug|Any CPU
		{8F2BBCA0-66AA-4323-B379-21EA785C6464}.Debug|x64.Build.0 = Debug|Any CPU
		{8F2BBCA0-66AA-4323-B379-21EA785C6464}.Debug|x86.ActiveCfg = Debug|Any CPU
		{8F2BBCA0-66AA-4323-B379-21EA785C6464}.Debug|x86.Build.0 = Debug|Any CPU
		{8F2BBCA0-66AA-4323-B379-21EA785C6464}.Release|Any CPU.ActiveCfg = Release|Any CPU
		{8F2BBCA0-66AA-4323-B379-21EA785C6464}.Release|Any CPU.Build.0 = Release|Any CPU
		{8F2BBCA0-66AA-4323-B379-21EA785C6464}.Release|x64.ActiveCfg = Release|Any CPU
		{8F2BBCA0-66AA-4323-B379-21EA785C6464}.Release|x64.Build.0 = Release|Any CPU
		{8F2BBCA0-66AA-4323-B379-21EA785C6464}.Release|x86.ActiveCfg = Release|Any CPU
		{8F2BBCA0-66AA-4323-B379-21EA785C6464}.Release|x86.Build.0 = Release|Any CPU
		{EBD15D11-68E6-4806-8884-219759327A55}.Debug|Any CPU.ActiveCfg = Debug|Any CPU
		{EBD15D11-68E6-4806-8884-219759327A55}.Debug|Any CPU.Build.0 = Debug|Any CPU
		{EBD15D11-68E6-4806-8884-219759327A55}.Debug|x64.ActiveCfg = Debug|Any CPU
		{EBD15D11-68E6-4806-8884-219759327A55}.Debug|x64.Build.0 = Debug|Any CPU
		{EBD15D11-68E6-4806-8884-219759327A55}.Debug|x86.ActiveCfg = Debug|Any CPU
		{EBD15D11-68E6-4806-8884-219759327A55}.Debug|x86.Build.0 = Debug|Any CPU
		{EBD15D11-68E6-4806-8884-219759327A55}.Release|Any CPU.ActiveCfg = Release|Any CPU
		{EBD15D11-68E6-4806-8884-219759327A55}.Release|Any CPU.Build.0 = Release|Any CPU
		{EBD15D11-68E6-4806-8884-219759327A55}.Release|x64.ActiveCfg = Release|Any CPU
		{EBD15D11-68E6-4806-8884-219759327A55}.Release|x64.Build.0 = Release|Any CPU
		{EBD15D11-68E6-4806-8884-219759327A55}.Release|x86.ActiveCfg = Release|Any CPU
		{EBD15D11-68E6-4806-8884-219759327A55}.Release|x86.Build.0 = Release|Any CPU
		{0D63956D-8836-4048-98C9-53A6E55C0897}.Debug|Any CPU.ActiveCfg = Debug|Any CPU
		{0D63956D-8836-4048-98C9-53A6E55C0897}.Debug|Any CPU.Build.0 = Debug|Any CPU
		{0D63956D-8836-4048-98C9-53A6E55C0897}.Debug|x64.ActiveCfg = Debug|Any CPU
		{0D63956D-8836-4048-98C9-53A6E55C0897}.Debug|x64.Build.0 = Debug|Any CPU
		{0D63956D-8836-4048-98C9-53A6E55C0897}.Debug|x86.ActiveCfg = Debug|Any CPU
		{0D63956D-8836-4048-98C9-53A6E55C0897}.Debug|x86.Build.0 = Debug|Any CPU
		{0D63956D-8836-4048-98C9-53A6E55C0897}.Release|Any CPU.ActiveCfg = Release|Any CPU
		{0D63956D-8836-4048-98C9-53A6E55C0897}.Release|Any CPU.Build.0 = Release|Any CPU
		{0D63956D-8836-4048-98C9-53A6E55C0897}.Release|x64.ActiveCfg = Release|Any CPU
		{0D63956D-8836-4048-98C9-53A6E55C0897}.Release|x64.Build.0 = Release|Any CPU
		{0D63956D-8836-4048-98C9-53A6E55C0897}.Release|x86.ActiveCfg = Release|Any CPU
		{0D63956D-8836-4048-98C9-53A6E55C0897}.Release|x86.Build.0 = Release|Any CPU
		{93C54C49-39BE-4D74-8599-895496E65710}.Debug|Any CPU.ActiveCfg = Debug|Any CPU
		{93C54C49-39BE-4D74-8599-895496E65710}.Debug|Any CPU.Build.0 = Debug|Any CPU
		{93C54C49-39BE-4D74-8599-895496E65710}.Debug|x64.ActiveCfg = Debug|Any CPU
		{93C54C49-39BE-4D74-8599-895496E65710}.Debug|x64.Build.0 = Debug|Any CPU
		{93C54C49-39BE-4D74-8599-895496E65710}.Debug|x86.ActiveCfg = Debug|Any CPU
		{93C54C49-39BE-4D74-8599-895496E65710}.Debug|x86.Build.0 = Debug|Any CPU
		{93C54C49-39BE-4D74-8599-895496E65710}.Release|Any CPU.ActiveCfg = Release|Any CPU
		{93C54C49-39BE-4D74-8599-895496E65710}.Release|Any CPU.Build.0 = Release|Any CPU
		{93C54C49-39BE-4D74-8599-895496E65710}.Release|x64.ActiveCfg = Release|Any CPU
		{93C54C49-39BE-4D74-8599-895496E65710}.Release|x64.Build.0 = Release|Any CPU
		{93C54C49-39BE-4D74-8599-895496E65710}.Release|x86.ActiveCfg = Release|Any CPU
		{93C54C49-39BE-4D74-8599-895496E65710}.Release|x86.Build.0 = Release|Any CPU
		{B88B1111-4A75-4B20-90F8-56E044C9EFF7}.Debug|Any CPU.ActiveCfg = Debug|Any CPU
		{B88B1111-4A75-4B20-90F8-56E044C9EFF7}.Debug|Any CPU.Build.0 = Debug|Any CPU
		{B88B1111-4A75-4B20-90F8-56E044C9EFF7}.Debug|x64.ActiveCfg = Debug|Any CPU
		{B88B1111-4A75-4B20-90F8-56E044C9EFF7}.Debug|x64.Build.0 = Debug|Any CPU
		{B88B1111-4A75-4B20-90F8-56E044C9EFF7}.Debug|x86.ActiveCfg = Debug|Any CPU
		{B88B1111-4A75-4B20-90F8-56E044C9EFF7}.Debug|x86.Build.0 = Debug|Any CPU
		{B88B1111-4A75-4B20-90F8-56E044C9EFF7}.Release|Any CPU.ActiveCfg = Release|Any CPU
		{B88B1111-4A75-4B20-90F8-56E044C9EFF7}.Release|Any CPU.Build.0 = Release|Any CPU
		{B88B1111-4A75-4B20-90F8-56E044C9EFF7}.Release|x64.ActiveCfg = Release|Any CPU
		{B88B1111-4A75-4B20-90F8-56E044C9EFF7}.Release|x64.Build.0 = Release|Any CPU
		{B88B1111-4A75-4B20-90F8-56E044C9EFF7}.Release|x86.ActiveCfg = Release|Any CPU
		{B88B1111-4A75-4B20-90F8-56E044C9EFF7}.Release|x86.Build.0 = Release|Any CPU
		{89CB3D7A-C34D-49AC-9F8A-39960751FC68}.Debug|Any CPU.ActiveCfg = Debug|Any CPU
		{89CB3D7A-C34D-49AC-9F8A-39960751FC68}.Debug|Any CPU.Build.0 = Debug|Any CPU
		{89CB3D7A-C34D-49AC-9F8A-39960751FC68}.Debug|x64.ActiveCfg = Debug|Any CPU
		{89CB3D7A-C34D-49AC-9F8A-39960751FC68}.Debug|x64.Build.0 = Debug|Any CPU
		{89CB3D7A-C34D-49AC-9F8A-39960751FC68}.Debug|x86.ActiveCfg = Debug|Any CPU
		{89CB3D7A-C34D-49AC-9F8A-39960751FC68}.Debug|x86.Build.0 = Debug|Any CPU
		{89CB3D7A-C34D-49AC-9F8A-39960751FC68}.Release|Any CPU.ActiveCfg = Release|Any CPU
		{89CB3D7A-C34D-49AC-9F8A-39960751FC68}.Release|Any CPU.Build.0 = Release|Any CPU
		{89CB3D7A-C34D-49AC-9F8A-39960751FC68}.Release|x64.ActiveCfg = Release|Any CPU
		{89CB3D7A-C34D-49AC-9F8A-39960751FC68}.Release|x64.Build.0 = Release|Any CPU
		{89CB3D7A-C34D-49AC-9F8A-39960751FC68}.Release|x86.ActiveCfg = Release|Any CPU
		{89CB3D7A-C34D-49AC-9F8A-39960751FC68}.Release|x86.Build.0 = Release|Any CPU
		{1453C174-F284-4291-AA8D-EEC8356909FC}.Debug|Any CPU.ActiveCfg = Debug|Any CPU
		{1453C174-F284-4291-AA8D-EEC8356909FC}.Debug|Any CPU.Build.0 = Debug|Any CPU
		{1453C174-F284-4291-AA8D-EEC8356909FC}.Debug|x64.ActiveCfg = Debug|Any CPU
		{1453C174-F284-4291-AA8D-EEC8356909FC}.Debug|x64.Build.0 = Debug|Any CPU
		{1453C174-F284-4291-AA8D-EEC8356909FC}.Debug|x86.ActiveCfg = Debug|Any CPU
		{1453C174-F284-4291-AA8D-EEC8356909FC}.Debug|x86.Build.0 = Debug|Any CPU
		{1453C174-F284-4291-AA8D-EEC8356909FC}.Release|Any CPU.ActiveCfg = Release|Any CPU
		{1453C174-F284-4291-AA8D-EEC8356909FC}.Release|Any CPU.Build.0 = Release|Any CPU
		{1453C174-F284-4291-AA8D-EEC8356909FC}.Release|x64.ActiveCfg = Release|Any CPU
		{1453C174-F284-4291-AA8D-EEC8356909FC}.Release|x64.Build.0 = Release|Any CPU
		{1453C174-F284-4291-AA8D-EEC8356909FC}.Release|x86.ActiveCfg = Release|Any CPU
		{1453C174-F284-4291-AA8D-EEC8356909FC}.Release|x86.Build.0 = Release|Any CPU
		{4416FEEC-38B9-4CBD-859D-446EA7D43892}.Debug|Any CPU.ActiveCfg = Debug|Any CPU
		{4416FEEC-38B9-4CBD-859D-446EA7D43892}.Debug|Any CPU.Build.0 = Debug|Any CPU
		{4416FEEC-38B9-4CBD-859D-446EA7D43892}.Debug|x64.ActiveCfg = Debug|Any CPU
		{4416FEEC-38B9-4CBD-859D-446EA7D43892}.Debug|x64.Build.0 = Debug|Any CPU
		{4416FEEC-38B9-4CBD-859D-446EA7D43892}.Debug|x86.ActiveCfg = Debug|Any CPU
		{4416FEEC-38B9-4CBD-859D-446EA7D43892}.Debug|x86.Build.0 = Debug|Any CPU
		{4416FEEC-38B9-4CBD-859D-446EA7D43892}.Release|Any CPU.ActiveCfg = Release|Any CPU
		{4416FEEC-38B9-4CBD-859D-446EA7D43892}.Release|Any CPU.Build.0 = Release|Any CPU
		{4416FEEC-38B9-4CBD-859D-446EA7D43892}.Release|x64.ActiveCfg = Release|Any CPU
		{4416FEEC-38B9-4CBD-859D-446EA7D43892}.Release|x64.Build.0 = Release|Any CPU
		{4416FEEC-38B9-4CBD-859D-446EA7D43892}.Release|x86.ActiveCfg = Release|Any CPU
		{4416FEEC-38B9-4CBD-859D-446EA7D43892}.Release|x86.Build.0 = Release|Any CPU
	EndGlobalSection
	GlobalSection(SolutionProperties) = preSolution
		HideSolutionNode = FALSE
	EndGlobalSection
	GlobalSection(ExtensibilityGlobals) = postSolution
		SolutionGuid = {78822044-FD90-4191-B579-D677BA362FF5}
	EndGlobalSection
EndGlobal
